
Microsoft Visual Studio Solution File, Format Version 12.00
# Visual Studio 2012
Project("{FAE04EC0-301F-11D3-BF4B-00C04F79EFBC}") = "WhereTo_Go", "WhereTo_Go\WhereTo_Go.csproj", "{2E0D6F06-834A-46EA-8ACE-F3FEB4CB364B}"
EndProject
Global
	GlobalSection(SolutionConfigurationPlatforms) = preSolution
		Debug|Any CPU = Debug|Any CPU
		Release|Any CPU = Release|Any CPU
	EndGlobalSection
	GlobalSection(ProjectConfigurationPlatforms) = postSolution
		{2E0D6F06-834A-46EA-8ACE-F3FEB4CB364B}.Debug|Any CPU.ActiveCfg = Debug|Any CPU
		{2E0D6F06-834A-46EA-8ACE-F3FEB4CB364B}.Debug|Any CPU.Build.0 = Debug|Any CPU
		{2E0D6F06-834A-46EA-8ACE-F3FEB4CB364B}.Release|Any CPU.ActiveCfg = Release|Any CPU
		{2E0D6F06-834A-46EA-8ACE-F3FEB4CB364B}.Release|Any CPU.Build.0 = Release|Any CPU
	EndGlobalSection
EndGlobal
